
Microsoft Visual Studio Solution File, Format Version 12.00
# Visual Studio Version 17
VisualStudioVersion = 17.5.001.0
MinimumVisualStudioVersion = 10.0.40219.1
Project("{9A19103F-16F7-4668-BE54-9A1E7A4F7556}") = "tl1-tp6-2025-monseeker", "tl1-tp6-2025-monseeker.csproj", "{A16CA169-3727-44FE-9931-11DC694D1EB0}"
EndProject
Global
	GlobalSection(SolutionConfigurationPlatforms) = preSolution
		Debug|Any CPU = Debug|Any CPU
		Release|Any CPU = Release|Any CPU
	EndGlobalSection
	GlobalSection(ProjectConfigurationPlatforms) = postSolution
		{A16CA169-3727-44FE-9931-11DC694D1EB0}.Debug|Any CPU.ActiveCfg = Debug|Any CPU
		{A16CA169-3727-44FE-9931-11DC694D1EB0}.Debug|Any CPU.Build.0 = Debug|Any CPU
		{A16CA169-3727-44FE-9931-11DC694D1EB0}.Release|Any CPU.ActiveCfg = Release|Any CPU
		{A16CA169-3727-44FE-9931-11DC694D1EB0}.Release|Any CPU.Build.0 = Release|Any CPU
	EndGlobalSection
	GlobalSection(SolutionProperties) = preSolution
		HideSolutionNode = FALSE
	EndGlobalSection
	GlobalSection(ExtensibilityGlobals) = postSolution
		SolutionGuid = {740529CB-A425-4239-9DDE-638270B0B054}
	EndGlobalSection
EndGlobal
